
Microsoft Visual Studio Solution File, Format Version 12.00
# Visual Studio Version 17
VisualStudioVersion = 17.0.31903.59
MinimumVisualStudioVersion = 10.0.40219.1
Project("{FAE04EC0-301F-11D3-BF4B-00C04F79EFBC}") = "GymSystem", "GymSystem\GymSystem.csproj", "{414426FE-26AA-4AC5-8D67-5653B17AAE3B}"
EndProject
Project("{FAE04EC0-301F-11D3-BF4B-00C04F79EFBC}") = "GymSystem.Tests", "GymSystem.Tests\GymSystem.Tests.csproj", "{734009E6-04F1-456C-BBFC-DFFF7C9D0785}"
EndProject
Global
	GlobalSection(SolutionConfigurationPlatforms) = preSolution
		Debug|Any CPU = Debug|Any CPU
		Debug|x64 = Debug|x64
		Debug|x86 = Debug|x86
		Release|Any CPU = Release|Any CPU
		Release|x64 = Release|x64
		Release|x86 = Release|x86
	EndGlobalSection
	GlobalSection(ProjectConfigurationPlatforms) = postSolution
		{414426FE-26AA-4AC5-8D67-5653B17AAE3B}.Debug|Any CPU.ActiveCfg = Debug|Any CPU
		{414426FE-26AA-4AC5-8D67-5653B17AAE3B}.Debug|Any CPU.Build.0 = Debug|Any CPU
		{414426FE-26AA-4AC5-8D67-5653B17AAE3B}.Debug|x64.ActiveCfg = Debug|Any CPU
		{414426FE-26AA-4AC5-8D67-5653B17AAE3B}.Debug|x64.Build.0 = Debug|Any CPU
		{414426FE-26AA-4AC5-8D67-5653B17AAE3B}.Debug|x86.ActiveCfg = Debug|Any CPU
		{414426FE-26AA-4AC5-8D67-5653B17AAE3B}.Debug|x86.Build.0 = Debug|Any CPU
		{414426FE-26AA-4AC5-8D67-5653B17AAE3B}.Release|Any CPU.ActiveCfg = Release|Any CPU
		{414426FE-26AA-4AC5-8D67-5653B17AAE3B}.Release|Any CPU.Build.0 = Release|Any CPU
		{414426FE-26AA-4AC5-8D67-5653B17AAE3B}.Release|x64.ActiveCfg = Release|Any CPU
		{414426FE-26AA-4AC5-8D67-5653B17AAE3B}.Release|x64.Build.0 = Release|Any CPU
		{414426FE-26AA-4AC5-8D67-5653B17AAE3B}.Release|x86.ActiveCfg = Release|Any CPU
		{414426FE-26AA-4AC5-8D67-5653B17AAE3B}.Release|x86.Build.0 = Release|Any CPU
		{734009E6-04F1-456C-BBFC-DFFF7C9D0785}.Debug|Any CPU.ActiveCfg = Debug|Any CPU
		{734009E6-04F1-456C-BBFC-DFFF7C9D0785}.Debug|Any CPU.Build.0 = Debug|Any CPU
		{734009E6-04F1-456C-BBFC-DFFF7C9D0785}.Debug|x64.ActiveCfg = Debug|Any CPU
		{734009E6-04F1-456C-BBFC-DFFF7C9D0785}.Debug|x64.Build.0 = Debug|Any CPU
		{734009E6-04F1-456C-BBFC-DFFF7C9D0785}.Debug|x86.ActiveCfg = Debug|Any CPU
		{734009E6-04F1-456C-BBFC-DFFF7C9D0785}.Debug|x86.Build.0 = Debug|Any CPU
		{734009E6-04F1-456C-BBFC-DFFF7C9D0785}.Release|Any CPU.ActiveCfg = Release|Any CPU
		{734009E6-04F1-456C-BBFC-DFFF7C9D0785}.Release|Any CPU.Build.0 = Release|Any CPU
		{734009E6-04F1-456C-BBFC-DFFF7C9D0785}.Release|x64.ActiveCfg = Release|Any CPU
		{734009E6-04F1-456C-BBFC-DFFF7C9D0785}.Release|x64.Build.0 = Release|Any CPU
		{734009E6-04F1-456C-BBFC-DFFF7C9D0785}.Release|x86.ActiveCfg = Release|Any CPU
		{734009E6-04F1-456C-BBFC-DFFF7C9D0785}.Release|x86.Build.0 = Release|Any CPU
	EndGlobalSection
	GlobalSection(SolutionProperties) = preSolution
		HideSolutionNode = FALSE
	EndGlobalSection
EndGlobal
